
Microsoft Visual Studio Solution File, Format Version 12.00
# Visual Studio Version 17
VisualStudioVersion = 17.12.35527.113 d17.12
MinimumVisualStudioVersion = 10.0.40219.1
Project("{FAE04EC0-301F-11D3-BF4B-00C04F79EFBC}") = "Urban.api", "Urban.api\Urban.api.csproj", "{774C1B02-443B-49F7-B140-DBFF44204CA2}"
EndProject
Project("{FAE04EC0-301F-11D3-BF4B-00C04F79EFBC}") = "DAL", "DAL\DAL.csproj", "{3C955997-A8ED-4949-A985-DC9591671725}"
EndProject
Project("{FAE04EC0-301F-11D3-BF4B-00C04F79EFBC}") = "BLL", "BLL\BLL.csproj", "{DC33299A-1E11-4D45-8BA9-F1F6A0623A4B}"
EndProject
Global
	GlobalSection(SolutionConfigurationPlatforms) = preSolution
		Debug|Any CPU = Debug|Any CPU
		Release|Any CPU = Release|Any CPU
	EndGlobalSection
	GlobalSection(ProjectConfigurationPlatforms) = postSolution
		{774C1B02-443B-49F7-B140-DBFF44204CA2}.Debug|Any CPU.ActiveCfg = Debug|Any CPU
		{774C1B02-443B-49F7-B140-DBFF44204CA2}.Debug|Any CPU.Build.0 = Debug|Any CPU
		{774C1B02-443B-49F7-B140-DBFF44204CA2}.Release|Any CPU.ActiveCfg = Release|Any CPU
		{774C1B02-443B-49F7-B140-DBFF44204CA2}.Release|Any CPU.Build.0 = Release|Any CPU
		{3C955997-A8ED-4949-A985-DC9591671725}.Debug|Any CPU.ActiveCfg = Debug|Any CPU
		{3C955997-A8ED-4949-A985-DC9591671725}.Debug|Any CPU.Build.0 = Debug|Any CPU
		{3C955997-A8ED-4949-A985-DC9591671725}.Release|Any CPU.ActiveCfg = Release|Any CPU
		{3C955997-A8ED-4949-A985-DC9591671725}.Release|Any CPU.Build.0 = Release|Any CPU
		{DC33299A-1E11-4D45-8BA9-F1F6A0623A4B}.Debug|Any CPU.ActiveCfg = Debug|Any CPU
		{DC33299A-1E11-4D45-8BA9-F1F6A0623A4B}.Debug|Any CPU.Build.0 = Debug|Any CPU
		{DC33299A-1E11-4D45-8BA9-F1F6A0623A4B}.Release|Any CPU.ActiveCfg = Release|Any CPU
		{DC33299A-1E11-4D45-8BA9-F1F6A0623A4B}.Release|Any CPU.Build.0 = Release|Any CPU
	EndGlobalSection
	GlobalSection(SolutionProperties) = preSolution
		HideSolutionNode = FALSE
	EndGlobalSection
EndGlobal
